
Microsoft Visual Studio Solution File, Format Version 12.00
# Visual Studio Version 16
VisualStudioVersion = 16.0.29102.190
MinimumVisualStudioVersion = 10.0.40219.1
Project("{FAE04EC0-301F-11D3-BF4B-00C04F79EFBC}") = "homework-7.1.2", "homework-7.1.2\homework-7.1.2.csproj", "{E8F95C82-F889-4FD3-B530-AC67C1CB9070}"
EndProject
Global
	GlobalSection(SolutionConfigurationPlatforms) = preSolution
		Debug|Any CPU = Debug|Any CPU
		Release|Any CPU = Release|Any CPU
	EndGlobalSection
	GlobalSection(ProjectConfigurationPlatforms) = postSolution
		{E8F95C82-F889-4FD3-B530-AC67C1CB9070}.Debug|Any CPU.ActiveCfg = Debug|Any CPU
		{E8F95C82-F889-4FD3-B530-AC67C1CB9070}.Debug|Any CPU.Build.0 = Debug|Any CPU
		{E8F95C82-F889-4FD3-B530-AC67C1CB9070}.Release|Any CPU.ActiveCfg = Release|Any CPU
		{E8F95C82-F889-4FD3-B530-AC67C1CB9070}.Release|Any CPU.Build.0 = Release|Any CPU
	EndGlobalSection
	GlobalSection(SolutionProperties) = preSolution
		HideSolutionNode = FALSE
	EndGlobalSection
	GlobalSection(ExtensibilityGlobals) = postSolution
		SolutionGuid = {DA0F97B8-660D-421E-AF5A-CD41835B5096}
	EndGlobalSection
EndGlobal
